
Microsoft Visual Studio Solution File, Format Version 12.00
# Visual Studio Version 17
VisualStudioVersion = 17.5.33530.505
MinimumVisualStudioVersion = 10.0.40219.1
Project("{FAE04EC0-301F-11D3-BF4B-00C04F79EFBC}") = "ServidorHttpSimples", "ServidorHttpSimples\ServidorHttpSimples.csproj", "{62969042-C56D-40E3-BB41-3B9D68370590}"
EndProject
Global
	GlobalSection(SolutionConfigurationPlatforms) = preSolution
		Debug|Any CPU = Debug|Any CPU
		Release|Any CPU = Release|Any CPU
	EndGlobalSection
	GlobalSection(ProjectConfigurationPlatforms) = postSolution
		{62969042-C56D-40E3-BB41-3B9D68370590}.Debug|Any CPU.ActiveCfg = Debug|Any CPU
		{62969042-C56D-40E3-BB41-3B9D68370590}.Debug|Any CPU.Build.0 = Debug|Any CPU
		{62969042-C56D-40E3-BB41-3B9D68370590}.Release|Any CPU.ActiveCfg = Release|Any CPU
		{62969042-C56D-40E3-BB41-3B9D68370590}.Release|Any CPU.Build.0 = Release|Any CPU
	EndGlobalSection
	GlobalSection(SolutionProperties) = preSolution
		HideSolutionNode = FALSE
	EndGlobalSection
	GlobalSection(ExtensibilityGlobals) = postSolution
		SolutionGuid = {870D426D-91B9-4A13-9E91-B46FC8B089DD}
	EndGlobalSection
EndGlobal
